
Microsoft Visual Studio Solution File, Format Version 12.00
# Visual Studio Version 17
VisualStudioVersion = 17.6.33513.286
MinimumVisualStudioVersion = 10.0.40219.1
Project("{9A19103F-16F7-4668-BE54-9A1E7A4F7556}") = "AudioDuplicateFinder", "AudioDuplicateFinder\AudioDuplicateFinder.csproj", "{B46BB7CC-D424-4D05-B6A6-CD31A434E833}"
EndProject
Project("{9A19103F-16F7-4668-BE54-9A1E7A4F7556}") = "AudioDuplicateFinder.Core", "AudioDuplicateFinder.Core\AudioDuplicateFinder.Core.csproj", "{CABBBDC6-1922-42AD-B29A-CACA52C84571}"
EndProject
Project("{2150E333-8FDC-42A3-9474-1A3956D46DE8}") = "Misc", "Misc", "{405B5C14-1C30-4A59-8C09-A7ECC5F0EBAB}"
	ProjectSection(SolutionItems) = preProject
		.gitignore = .gitignore
		ConvertAudioFileToSimpleWav.cmd = ConvertAudioFileToSimpleWav.cmd
		Release.cmd = Release.cmd
		release_minor_version.txt = release_minor_version.txt
		release_variables.txt = release_variables.txt
	EndProjectSection
EndProject
Global
	GlobalSection(SolutionConfigurationPlatforms) = preSolution
		Debug|Any CPU = Debug|Any CPU
		Release|Any CPU = Release|Any CPU
	EndGlobalSection
	GlobalSection(ProjectConfigurationPlatforms) = postSolution
		{B46BB7CC-D424-4D05-B6A6-CD31A434E833}.Debug|Any CPU.ActiveCfg = Debug|Any CPU
		{B46BB7CC-D424-4D05-B6A6-CD31A434E833}.Debug|Any CPU.Build.0 = Debug|Any CPU
		{B46BB7CC-D424-4D05-B6A6-CD31A434E833}.Release|Any CPU.ActiveCfg = Release|Any CPU
		{B46BB7CC-D424-4D05-B6A6-CD31A434E833}.Release|Any CPU.Build.0 = Release|Any CPU
		{CABBBDC6-1922-42AD-B29A-CACA52C84571}.Debug|Any CPU.ActiveCfg = Debug|Any CPU
		{CABBBDC6-1922-42AD-B29A-CACA52C84571}.Debug|Any CPU.Build.0 = Debug|Any CPU
		{CABBBDC6-1922-42AD-B29A-CACA52C84571}.Release|Any CPU.ActiveCfg = Release|Any CPU
		{CABBBDC6-1922-42AD-B29A-CACA52C84571}.Release|Any CPU.Build.0 = Release|Any CPU
	EndGlobalSection
	GlobalSection(SolutionProperties) = preSolution
		HideSolutionNode = FALSE
	EndGlobalSection
	GlobalSection(ExtensibilityGlobals) = postSolution
		SolutionGuid = {ACF18EF4-6E4F-4DE9-BC06-715F3CDD0BA9}
	EndGlobalSection
EndGlobal
